// !$*UTF8*$!
{
	archiveVersion = 1;
	classes = {
	};
	objectVersion = 50;
	objects = {

/* Begin PBXBuildFile section */
		6CDA6713B38E6CCE04C90CDD /* Pods_Todoey.framework in Frameworks */ = {isa = PBXBuildFile; fileRef = 17682F702DFBD2459D0D3354 /* Pods_Todoey.framework */; };
		8420483721FE642F00AF1D4F /* CategoryViewController.swift in Sources */ = {isa = PBXBuildFile; fileRef = 8420483621FE642F00AF1D4F /* CategoryViewController.swift */; };
		84E9B4E421BDDC2E009A97A8 /* AppDelegate.swift in Sources */ = {isa = PBXBuildFile; fileRef = 84E9B4E321BDDC2E009A97A8 /* AppDelegate.swift */; };
		84E9B4E621BDDC2E009A97A8 /* TodoListViewController.swift in Sources */ = {isa = PBXBuildFile; fileRef = 84E9B4E521BDDC2E009A97A8 /* TodoListViewController.swift */; };
		84E9B4E921BDDC2E009A97A8 /* Main.storyboard in Resources */ = {isa = PBXBuildFile; fileRef = 84E9B4E721BDDC2E009A97A8 /* Main.storyboard */; };
		84E9B4EB21BDDC2E009A97A8 /* Assets.xcassets in Resources */ = {isa = PBXBuildFile; fileRef = 84E9B4EA21BDDC2E009A97A8 /* Assets.xcassets */; };
		84E9B4EE21BDDC2E009A97A8 /* LaunchScreen.storyboard in Resources */ = {isa = PBXBuildFile; fileRef = 84E9B4EC21BDDC2E009A97A8 /* LaunchScreen.storyboard */; };
		84E9B4FC21BF6806009A97A8 /* DataModel.xcdatamodeld in Sources */ = {isa = PBXBuildFile; fileRef = 84E9B4FA21BF6806009A97A8 /* DataModel.xcdatamodeld */; };
/* End PBXBuildFile section */

/* Begin PBXFileReference section */
		17682F702DFBD2459D0D3354 /* Pods_Todoey.framework */ = {isa = PBXFileReference; explicitFileType = wrapper.framework; includeInIndex = 0; path = Pods_Todoey.framework; sourceTree = BUILT_PRODUCTS_DIR; };
		8420483621FE642F00AF1D4F /* CategoryViewController.swift */ = {isa = PBXFileReference; lastKnownFileType = sourcecode.swift; path = CategoryViewController.swift; sourceTree = "<group>"; };
		84E9B4E021BDDC2E009A97A8 /* Todoey.app */ = {isa = PBXFileReference; explicitFileType = wrapper.application; includeInIndex = 0; path = Todoey.app; sourceTree = BUILT_PRODUCTS_DIR; };
		84E9B4E321BDDC2E009A97A8 /* AppDelegate.swift */ = {isa = PBXFileReference; lastKnownFileType = sourcecode.swift; path = AppDelegate.swift; sourceTree = "<group>"; };
		84E9B4E521BDDC2E009A97A8 /* TodoListViewController.swift */ = {isa = PBXFileReference; lastKnownFileType = sourcecode.swift; path = TodoListViewController.swift; sourceTree = "<group>"; };
		84E9B4E821BDDC2E009A97A8 /* Base */ = {isa = PBXFileReference; lastKnownFileType = file.storyboard; name = Base; path = Base.lproj/Main.storyboard; sourceTree = "<group>"; };
		84E9B4EA21BDDC2E009A97A8 /* Assets.xcassets */ = {isa = PBXFileReference; lastKnownFileType = folder.assetcatalog; path = Assets.xcassets; sourceTree = "<group>"; };
		84E9B4ED21BDDC2E009A97A8 /* Base */ = {isa = PBXFileReference; lastKnownFileType = file.storyboard; name = Base; path = Base.lproj/LaunchScreen.storyboard; sourceTree = "<group>"; };
		84E9B4EF21BDDC2E009A97A8 /* Info.plist */ = {isa = PBXFileReference; lastKnownFileType = text.plist.xml; path = Info.plist; sourceTree = "<group>"; };
		84E9B4FB21BF6806009A97A8 /* DataModel.xcdatamodel */ = {isa = PBXFileReference; lastKnownFileType = wrapper.xcdatamodel; path = DataModel.xcdatamodel; sourceTree = "<group>"; };
		A8B7B9CC768BD052499BFB70 /* Pods-Todoey.release.xcconfig */ = {isa = PBXFileReference; includeInIndex = 1; lastKnownFileType = text.xcconfig; name = "Pods-Todoey.release.xcconfig"; path = "Pods/Target Support Files/Pods-Todoey/Pods-Todoey.release.xcconfig"; sourceTree = "<group>"; };
		F873A5B1B47A9EB5329143CF /* Pods-Todoey.debug.xcconfig */ = {isa = PBXFileReference; includeInIndex = 1; lastKnownFileType = text.xcconfig; name = "Pods-Todoey.debug.xcconfig"; path = "Pods/Target Support Files/Pods-Todoey/Pods-Todoey.debug.xcconfig"; sourceTree = "<group>"; };
/* End PBXFileReference section */

/* Begin PBXFrameworksBuildPhase section */
		84E9B4DD21BDDC2E009A97A8 /* Frameworks */ = {
			isa = PBXFrameworksBuildPhase;
			buildActionMask = 2147483647;
			files = (
				6CDA6713B38E6CCE04C90CDD /* Pods_Todoey.framework in Frameworks */,
			);
			runOnlyForDeploymentPostprocessing = 0;
		};
/* End PBXFrameworksBuildPhase section */

/* Begin PBXGroup section */
		58F85C858D3013063EF8BFEF /* Pods */ = {
			isa = PBXGroup;
			children = (
				F873A5B1B47A9EB5329143CF /* Pods-Todoey.debug.xcconfig */,
				A8B7B9CC768BD052499BFB70 /* Pods-Todoey.release.xcconfig */,
			);
			name = Pods;
			sourceTree = "<group>";
		};
		67F76F6ABEB95D98FD2A0AE2 /* Frameworks */ = {
			isa = PBXGroup;
			children = (
				17682F702DFBD2459D0D3354 /* Pods_Todoey.framework */,
			);
			name = Frameworks;
			sourceTree = "<group>";
		};
		84E9B4D721BDDC2E009A97A8 = {
			isa = PBXGroup;
			children = (
				84E9B4E221BDDC2E009A97A8 /* Todoey */,
				84E9B4E121BDDC2E009A97A8 /* Products */,
				58F85C858D3013063EF8BFEF /* Pods */,
				67F76F6ABEB95D98FD2A0AE2 /* Frameworks */,
			);
			sourceTree = "<group>";
		};
		84E9B4E121BDDC2E009A97A8 /* Products */ = {
			isa = PBXGroup;
			children = (
				84E9B4E021BDDC2E009A97A8 /* Todoey.app */,
			);
			name = Products;
			sourceTree = "<group>";
		};
		84E9B4E221BDDC2E009A97A8 /* Todoey */ = {
			isa = PBXGroup;
			children = (
				84E9B4F921BF48E0009A97A8 /* Controller */,
				84E9B4F821BF48D7009A97A8 /* View */,
				84E9B4F521BF480A009A97A8 /* Model */,
				84E9B4E321BDDC2E009A97A8 /* AppDelegate.swift */,
				84E9B4EA21BDDC2E009A97A8 /* Assets.xcassets */,
				84E9B4EF21BDDC2E009A97A8 /* Info.plist */,
			);
			path = Todoey;
			sourceTree = "<group>";
		};
		84E9B4F521BF480A009A97A8 /* Model */ = {
			isa = PBXGroup;
			children = (
				84E9B4FA21BF6806009A97A8 /* DataModel.xcdatamodeld */,
			);
			path = Model;
			sourceTree = "<group>";
		};
		84E9B4F821BF48D7009A97A8 /* View */ = {
			isa = PBXGroup;
			children = (
				84E9B4E721BDDC2E009A97A8 /* Main.storyboard */,
				84E9B4EC21BDDC2E009A97A8 /* LaunchScreen.storyboard */,
			);
			path = View;
			sourceTree = "<group>";
		};
		84E9B4F921BF48E0009A97A8 /* Controller */ = {
			isa = PBXGroup;
			children = (
				8420483621FE642F00AF1D4F /* CategoryViewController.swift */,
				84E9B4E521BDDC2E009A97A8 /* TodoListViewController.swift */,
			);
			path = Controller;
			sourceTree = "<group>";
		};
/* End PBXGroup section */

/* Begin PBXNativeTarget section */
		84E9B4DF21BDDC2E009A97A8 /* Todoey */ = {
			isa = PBXNativeTarget;
			buildConfigurationList = 84E9B4F221BDDC2E009A97A8 /* Build configuration list for PBXNativeTarget "Todoey" */;
			buildPhases = (
				BA42FBBC97AB7F092F8B5518 /* [CP] Check Pods Manifest.lock */,
				84E9B4DC21BDDC2E009A97A8 /* Sources */,
				84E9B4DD21BDDC2E009A97A8 /* Frameworks */,
				84E9B4DE21BDDC2E009A97A8 /* Resources */,
				ADF10BF776A2F95991065E6D /* [CP] Embed Pods Frameworks */,
			);
			buildRules = (
			);
			dependencies = (
			);
			name = Todoey;
			productName = Todoey;
			productReference = 84E9B4E021BDDC2E009A97A8 /* Todoey.app */;
			productType = "com.apple.product-type.application";
		};
/* End PBXNativeTarget section */

/* Begin PBXProject section */
		84E9B4D821BDDC2E009A97A8 /* Project object */ = {
			isa = PBXProject;
			attributes = {
				LastSwiftUpdateCheck = 1010;
				LastUpgradeCheck = 1010;
				ORGANIZATIONNAME = "Brent Mifsud";
				TargetAttributes = {
					84E9B4DF21BDDC2E009A97A8 = {
						CreatedOnToolsVersion = 10.1;
					};
				};
			};
			buildConfigurationList = 84E9B4DB21BDDC2E009A97A8 /* Build configuration list for PBXProject "Todoey" */;
			compatibilityVersion = "Xcode 9.3";
			developmentRegion = en;
			hasScannedForEncodings = 0;
			knownRegions = (
				en,
				Base,
			);
			mainGroup = 84E9B4D721BDDC2E009A97A8;
			productRefGroup = 84E9B4E121BDDC2E009A97A8 /* Products */;
			projectDirPath = "";
			projectRoot = "";
			targets = (
				84E9B4DF21BDDC2E009A97A8 /* Todoey */,
			);
		};
/* End PBXProject section */

/* Begin PBXResourcesBuildPhase section */
		84E9B4DE21BDDC2E009A97A8 /* Resources */ = {
			isa = PBXResourcesBuildPhase;
			buildActionMask = 2147483647;
			files = (
				84E9B4EE21BDDC2E009A97A8 /* LaunchScreen.storyboard in Resources */,
				84E9B4EB21BDDC2E009A97A8 /* Assets.xcassets in Resources */,
				84E9B4E921BDDC2E009A97A8 /* Main.storyboard in Resources */,
			);
			runOnlyForDeploymentPostprocessing = 0;
		};
/* End PBXResourcesBuildPhase section */

/* Begin PBXShellScriptBuildPhase section */
		ADF10BF776A2F95991065E6D /* [CP] Embed Pods Frameworks */ = {
			isa = PBXShellScriptBuildPhase;
			buildActionMask = 2147483647;
			files = (
			);
			inputFileListPaths = (
			);
			inputPaths = (
				"${SRCROOT}/Pods/Target Support Files/Pods-Todoey/Pods-Todoey-frameworks.sh",
				"${BUILT_PRODUCTS_DIR}/Realm/Realm.framework",
				"${BUILT_PRODUCTS_DIR}/RealmSwift/RealmSwift.framework",
			);
			name = "[CP] Embed Pods Frameworks";
			outputFileListPaths = (
			);
			outputPaths = (
				"${TARGET_BUILD_DIR}/${FRAMEWORKS_FOLDER_PATH}/Realm.framework",
				"${TARGET_BUILD_DIR}/${FRAMEWORKS_FOLDER_PATH}/RealmSwift.framework",
			);
			runOnlyForDeploymentPostprocessing = 0;
			shellPath = /bin/sh;
			shellScript = "\"${SRCROOT}/Pods/Target Support Files/Pods-Todoey/Pods-Todoey-frameworks.sh\"\n";
			showEnvVarsInLog = 0;
		};
		BA42FBBC97AB7F092F8B5518 /* [CP] Check Pods Manifest.lock */ = {
			isa = PBXShellScriptBuildPhase;
			buildActionMask = 2147483647;
			files = (
			);
			inputFileListPaths = (
			);
			inputPaths = (
				"${PODS_PODFILE_DIR_PATH}/Podfile.lock",
				"${PODS_ROOT}/Manifest.lock",
			);
			name = "[CP] Check Pods Manifest.lock";
			outputFileListPaths = (
			);
			outputPaths = (
				"$(DERIVED_FILE_DIR)/Pods-Todoey-checkManifestLockResult.txt",
			);
			runOnlyForDeploymentPostprocessing = 0;
			shellPath = /bin/sh;
			shellScript = "diff \"${PODS_PODFILE_DIR_PATH}/Podfile.lock\" \"${PODS_ROOT}/Manifest.lock\" > /dev/null\nif [ $? != 0 ] ; then\n    # print error to STDERR\n    echo \"error: The sandbox is not in sync with the Podfile.lock. Run 'pod install' or update your CocoaPods installation.\" >&2\n    exit 1\nfi\n# This output is used by Xcode 'outputs' to avoid re-running this script phase.\necho \"SUCCESS\" > \"${SCRIPT_OUTPUT_FILE_0}\"\n";
			showEnvVarsInLog = 0;
		};
/* End PBXShellScriptBuildPhase section */

/* Begin PBXSourcesBuildPhase section */
		84E9B4DC21BDDC2E009A97A8 /* Sources */ = {
			isa = PBXSourcesBuildPhase;
			buildActionMask = 2147483647;
			files = (
				8420483721FE642F00AF1D4F /* CategoryViewController.swift in Sources */,
				84E9B4E621BDDC2E009A97A8 /* TodoListViewController.swift in Sources */,
				84E9B4FC21BF6806009A97A8 /* DataModel.xcdatamodeld in Sources */,
				84E9B4E421BDDC2E009A97A8 /* AppDelegate.swift in Sources */,
			);
			runOnlyForDeploymentPostprocessing = 0;
		};
/* End PBXSourcesBuildPhase section */

/* Begin PBXVariantGroup section */
		84E9B4E721BDDC2E009A97A8 /* Main.storyboard */ = {
			isa = PBXVariantGroup;
			children = (
				84E9B4E821BDDC2E009A97A8 /* Base */,
			);
			name = Main.storyboard;
			sourceTree = "<group>";
		};
		84E9B4EC21BDDC2E009A97A8 /* LaunchScreen.storyboard */ = {
			isa = PBXVariantGroup;
			children = (
				84E9B4ED21BDDC2E009A97A8 /* Base */,
			);
			name = LaunchScreen.storyboard;
			sourceTree = "<group>";
		};
/* End PBXVariantGroup section */

/* Begin XCBuildConfiguration section */
		84E9B4F021BDDC2E009A97A8 /* Debug */ = {
			isa = XCBuildConfiguration;
			buildSettings = {
				ALWAYS_SEARCH_USER_PATHS = NO;
				CLANG_ANALYZER_NONNULL = YES;
				CLANG_ANALYZER_NUMBER_OBJECT_CONVERSION = YES_AGGRESSIVE;
				CLANG_CXX_LANGUAGE_STANDARD = "gnu++14";
				CLANG_CXX_LIBRARY = "libc++";
				CLANG_ENABLE_MODULES = YES;
				CLANG_ENABLE_OBJC_ARC = YES;
				CLANG_ENABLE_OBJC_WEAK = YES;
				CLANG_WARN_BLOCK_CAPTURE_AUTORELEASING = YES;
				CLANG_WARN_BOOL_CONVERSION = YES;
				CLANG_WARN_COMMA = YES;
				CLANG_WARN_CONSTANT_CONVERSION = YES;
				CLANG_WARN_DEPRECATED_OBJC_IMPLEMENTATIONS = YES;
				CLANG_WARN_DIRECT_OBJC_ISA_USAGE = YES_ERROR;
				CLANG_WARN_DOCUMENTATION_COMMENTS = YES;
				CLANG_WARN_EMPTY_BODY = YES;
				CLANG_WARN_ENUM_CONVERSION = YES;
				CLANG_WARN_INFINITE_RECURSION = YES;
				CLANG_WARN_INT_CONVERSION = YES;
				CLANG_WARN_NON_LITERAL_NULL_CONVERSION = YES;
				CLANG_WARN_OBJC_IMPLICIT_RETAIN_SELF = YES;
				CLANG_WARN_OBJC_LITERAL_CONVERSION = YES;
				CLANG_WARN_OBJC_ROOT_CLASS = YES_ERROR;
				CLANG_WARN_RANGE_LOOP_ANALYSIS = YES;
				CLANG_WARN_STRICT_PROTOTYPES = YES;
				CLANG_WARN_SUSPICIOUS_MOVE = YES;
				CLANG_WARN_UNGUARDED_AVAILABILITY = YES_AGGRESSIVE;
				CLANG_WARN_UNREACHABLE_CODE = YES;
				CLANG_WARN__DUPLICATE_METHOD_MATCH = YES;
				CODE_SIGN_IDENTITY = "iPhone Developer";
				COPY_PHASE_STRIP = NO;
				DEBUG_INFORMATION_FORMAT = dwarf;
				ENABLE_STRICT_OBJC_MSGSEND = YES;
				ENABLE_TESTABILITY = YES;
				GCC_C_LANGUAGE_STANDARD = gnu11;
				GCC_DYNAMIC_NO_PIC = NO;
				GCC_NO_COMMON_BLOCKS = YES;
				GCC_OPTIMIZATION_LEVEL = 0;
				GCC_PREPROCESSOR_DEFINITIONS = (
					"DEBUG=1",
					"$(inherited)",
				);
				GCC_WARN_64_TO_32_BIT_CONVERSION = YES;
				GCC_WARN_ABOUT_RETURN_TYPE = YES_ERROR;
				GCC_WARN_UNDECLARED_SELECTOR = YES;
				GCC_WARN_UNINITIALIZED_AUTOS = YES_AGGRESSIVE;
				GCC_WARN_UNUSED_FUNCTION = YES;
				GCC_WARN_UNUSED_VARIABLE = YES;
				IPHONEOS_DEPLOYMENT_TARGET = 12.1;
				MTL_ENABLE_DEBUG_INFO = INCLUDE_SOURCE;
				MTL_FAST_MATH = YES;
				ONLY_ACTIVE_ARCH = YES;
				SDKROOT = iphoneos;
				SWIFT_ACTIVE_COMPILATION_CONDITIONS = DEBUG;
				SWIFT_OPTIMIZATION_LEVEL = "-Onone";
			};
			name = Debug;
		};
		84E9B4F121BDDC2E009A97A8 /* Release */ = {
			isa = XCBuildConfiguration;
			buildSettings = {
				ALWAYS_SEARCH_USER_PATHS = NO;
				CLANG_ANALYZER_NONNULL = YES;
				CLANG_ANALYZER_NUMBER_OBJECT_CONVERSION = YES_AGGRESSIVE;
				CLANG_CXX_LANGUAGE_STANDARD = "gnu++14";
				CLANG_CXX_LIBRARY = "libc++";
				CLANG_ENABLE_MODULES = YES;
				CLANG_ENABLE_OBJC_ARC = YES;
				CLANG_ENABLE_OBJC_WEAK = YES;
				CLANG_WARN_BLOCK_CAPTURE_AUTORELEASING = YES;
				CLANG_WARN_BOOL_CONVERSION = YES;
				CLANG_WARN_COMMA = YES;
				CLANG_WARN_CONSTANT_CONVERSION = YES;
				CLANG_WARN_DEPRECATED_OBJC_IMPLEMENTATIONS = YES;
				CLANG_WARN_DIRECT_OBJC_ISA_USAGE = YES_ERROR;
				CLANG_WARN_DOCUMENTATION_COMMENTS = YES;
				CLANG_WARN_EMPTY_BODY = YES;
				CLANG_WARN_ENUM_CONVERSION = YES;
				CLANG_WARN_INFINITE_RECURSION = YES;
				CLANG_WARN_INT_CONVERSION = YES;
				CLANG_WARN_NON_LITERAL_NULL_CONVERSION = YES;
				CLANG_WARN_OBJC_IMPLICIT_RETAIN_SELF = YES;
				CLANG_WARN_OBJC_LITERAL_CONVERSION = YES;
				CLANG_WARN_OBJC_ROOT_CLASS = YES_ERROR;
				CLANG_WARN_RANGE_LOOP_ANALYSIS = YES;
				CLANG_WARN_STRICT_PROTOTYPES = YES;
				CLANG_WARN_SUSPICIOUS_MOVE = YES;
				CLANG_WARN_UNGUARDED_AVAILABILITY = YES_AGGRESSIVE;
				CLANG_WARN_UNREACHABLE_CODE = YES;
				CLANG_WARN__DUPLICATE_METHOD_MATCH = YES;
				CODE_SIGN_IDENTITY = "iPhone Developer";
				COPY_PHASE_STRIP = NO;
				DEBUG_INFORMATION_FORMAT = "dwarf-with-dsym";
				ENABLE_NS_ASSERTIONS = NO;
				ENABLE_STRICT_OBJC_MSGSEND = YES;
				GCC_C_LANGUAGE_STANDARD = gnu11;
				GCC_NO_COMMON_BLOCKS = YES;
				GCC_WARN_64_TO_32_BIT_CONVERSION = YES;
				GCC_WARN_ABOUT_RETURN_TYPE = YES_ERROR;
				GCC_WARN_UNDECLARED_SELECTOR = YES;
				GCC_WARN_UNINITIALIZED_AUTOS = YES_AGGRESSIVE;
				GCC_WARN_UNUSED_FUNCTION = YES;
				GCC_WARN_UNUSED_VARIABLE = YES;
				IPHONEOS_DEPLOYMENT_TARGET = 12.1;
				MTL_ENABLE_DEBUG_INFO = NO;
				MTL_FAST_MATH = YES;
				SDKROOT = iphoneos;
				SWIFT_COMPILATION_MODE = wholemodule;
				SWIFT_OPTIMIZATION_LEVEL = "-O";
				VALIDATE_PRODUCT = YES;
			};
			name = Release;
		};
		84E9B4F321BDDC2E009A97A8 /* Debug */ = {
			isa = XCBuildConfiguration;
			baseConfigurationReference = F873A5B1B47A9EB5329143CF /* Pods-Todoey.debug.xcconfig */;
			buildSettings = {
				ASSETCATALOG_COMPILER_APPICON_NAME = AppIcon;
				CODE_SIGN_STYLE = Automatic;
				DEVELOPMENT_TEAM = M5MTT5YDN9;
				INFOPLIST_FILE = Todoey/Info.plist;
				LD_RUNPATH_SEARCH_PATHS = (
					"$(inherited)",
					"@executable_path/Frameworks",
				);
				PRODUCT_BUNDLE_IDENTIFIER = com.brentmifsud.Todoey;
				PRODUCT_NAME = "$(TARGET_NAME)";
				SWIFT_VERSION = 4.2;
				TARGETED_DEVICE_FAMILY = "1,2";
			};
			name = Debug;
		};
		84E9B4F421BDDC2E009A97A8 /* Release */ = {
			isa = XCBuildConfiguration;
			baseConfigurationReference = A8B7B9CC768BD052499BFB70 /* Pods-Todoey.release.xcconfig */;
			buildSettings = {
				ASSETCATALOG_COMPILER_APPICON_NAME = AppIcon;
				CODE_SIGN_STYLE = Automatic;
				DEVELOPMENT_TEAM = M5MTT5YDN9;
				INFOPLIST_FILE = Todoey/Info.plist;
				LD_RUNPATH_SEARCH_PATHS = (
					"$(inherited)",
					"@executable_path/Frameworks",
				);
				PRODUCT_BUNDLE_IDENTIFIER = com.brentmifsud.Todoey;
				PRODUCT_NAME = "$(TARGET_NAME)";
				SWIFT_VERSION = 4.2;
				TARGETED_DEVICE_FAMILY = "1,2";
			};
			name = Release;
		};
/* End XCBuildConfiguration section */

/* Begin XCConfigurationList section */
		84E9B4DB21BDDC2E009A97A8 /* Build configuration list for PBXProject "Todoey" */ = {
			isa = XCConfigurationList;
			buildConfigurations = (
				84E9B4F021BDDC2E009A97A8 /* Debug */,
				84E9B4F121BDDC2E009A97A8 /* Release */,
			);
			defaultConfigurationIsVisible = 0;
			defaultConfigurationName = Release;
		};
		84E9B4F221BDDC2E009A97A8 /* Build configuration list for PBXNativeTarget "Todoey" */ = {
			isa = XCConfigurationList;
			buildConfigurations = (
				84E9B4F321BDDC2E009A97A8 /* Debug */,
				84E9B4F421BDDC2E009A97A8 /* Release */,
			);
			defaultConfigurationIsVisible = 0;
			defaultConfigurationName = Release;
		};
/* End XCConfigurationList section */

/* Begin XCVersionGroup section */
		84E9B4FA21BF6806009A97A8 /* DataModel.xcdatamodeld */ = {
			isa = XCVersionGroup;
			children = (
				84E9B4FB21BF6806009A97A8 /* DataModel.xcdatamodel */,
			);
			currentVersion = 84E9B4FB21BF6806009A97A8 /* DataModel.xcdatamodel */;
			path = DataModel.xcdatamodeld;
			sourceTree = "<group>";
			versionGroupType = wrapper.xcdatamodel;
		};
/* End XCVersionGroup section */
	};
	rootObject = 84E9B4D821BDDC2E009A97A8 /* Project object */;
}
